<?xml version="1.0" encoding="utf-8"?>
<Project ToolsVersion="4.0" xmlns="http://schemas.microsoft.com/developer/msbuild/2003">
  <ItemGroup>
    <Filter Include="Source Files">
      <UniqueIdentifier>{4FC737F1-C7A5-4376-A066-2A32D752A2FF}</UniqueIdentifier>
      <Extensions>cpp;c;cc;cxx;def;odl;idl;hpj;bat;asm;asmx</Extensions>
    </Filter>
    <Filter Include="Header Files">
      <UniqueIdentifier>{93995380-89BD-4b04-88EB-625FBE52EBFB}</UniqueIdentifier>
      <Extensions>h;hpp;hxx;hm;inl;inc;xsd</Extensions>
    </Filter>
    <Filter Include="Resource Files">
      <UniqueIdentifier>{67DA6AB6-F800-4c08-8B7A-83BB121AAD01}</UniqueIdentifier>
      <Extensions>rc;ico;cur;bmp;dlg;rc2;rct;bin;rgs;gif;jpg;jpeg;jpe;resx;tiff;tif;png;wav;mfcribbon-ms</Extensions>
    </Filter>
    <Filter Include="lib">
      <UniqueIdentifier>{3f2df902-e6f0-4d57-83a7-7929ac8353fd}</UniqueIdentifier>
    </Filter>
    <Filter Include="Source Files\GFXUtils">
      <UniqueIdentifier>{b69cf2c8-7b44-4b9c-baf2-d94f54c9b83a}</UniqueIdentifier>
    </Filter>
    <Filter Include="Source Files\PokemonData">
      <UniqueIdentifier>{30df3251-72c0-434e-ac85-73322b581bec}</UniqueIdentifier>
    </Filter>
    <Filter Include="Source Files\ParticleSystem">
      <UniqueIdentifier>{8b46a0d2-4b32-451d-ae9c-8d75ac395ef3}</UniqueIdentifier>
    </Filter>
    <Filter Include="Source Files\TrainerData">
      <UniqueIdentifier>{40e397ec-9c39-4006-85c1-4415c9d2f1ed}</UniqueIdentifier>
    </Filter>
    <Filter Include="Source Files\scenes">
      <UniqueIdentifier>{19b7d7ac-63ea-4858-a424-72c589fa1469}</UniqueIdentifier>
    </Filter>
    <Filter Include="Source Files\music">
      <UniqueIdentifier>{ff03d80d-17ca-4689-a2d9-90c77715a313}</UniqueIdentifier>
    </Filter>
    <Filter Include="Source Files\Overworld">
      <UniqueIdentifier>{34f20ce4-e499-47df-b83a-188278f01a1c}</UniqueIdentifier>
    </Filter>
    <Filter Include="Source Files\Overworld\Menus">
      <UniqueIdentifier>{3219c741-cc2d-4831-823c-dd44b7d7ebf4}</UniqueIdentifier>
    </Filter>
  </ItemGroup>
  <ItemGroup>
    <None Include="ReadMe.txt" />
    <None Include="lib\x86\SDL2.dll">
      <Filter>lib</Filter>
    </None>
    <None Include="lib\x86\SDL2_image.dll">
      <Filter>lib</Filter>
    </None>
    <None Include="lib\x86\zlib1.dll">
      <Filter>lib</Filter>
    </None>
  </ItemGroup>
  <ItemGroup>
    <ClInclude Include="stdafx.h">
      <Filter>Header Files</Filter>
    </ClInclude>
    <ClInclude Include="targetver.h">
      <Filter>Header Files</Filter>
    </ClInclude>
    <ClInclude Include="utils.h">
      <Filter>Source Files</Filter>
    </ClInclude>
    <ClInclude Include="graphics.h">
      <Filter>Source Files</Filter>
    </ClInclude>
    <ClInclude Include="text.h">
      <Filter>Source Files\GFXUtils</Filter>
    </ClInclude>
    <ClInclude Include="pokemon.h">
      <Filter>Source Files\PokemonData</Filter>
    </ClInclude>
    <ClInclude Include="move.h">
      <Filter>Source Files\PokemonData</Filter>
    </ClInclude>
    <ClInclude Include="type.h">
      <Filter>Source Files\PokemonData</Filter>
    </ClInclude>
    <ClInclude Include="trainer.h">
      <Filter>Source Files\TrainerData</Filter>
    </ClInclude>
    <ClInclude Include="particle.h">
      <Filter>Source Files\ParticleSystem</Filter>
    </ClInclude>
    <ClInclude Include="partyMenu.h">
      <Filter>Source Files\scenes</Filter>
    </ClInclude>
    <ClInclude Include="PokemonBattle.h">
      <Filter>Source Files\scenes</Filter>
    </ClInclude>
    <ClInclude Include="player.h">
      <Filter>Source Files\TrainerData</Filter>
    </ClInclude>
    <ClInclude Include="PokemonSummaryScreen.h">
      <Filter>Source Files\scenes</Filter>
    </ClInclude>
    <ClInclude Include="TileMap.h">
      <Filter>Source Files\Overworld</Filter>
    </ClInclude>
    <ClInclude Include="Overworld.h">
      <Filter>Source Files\Overworld</Filter>
    </ClInclude>
    <ClInclude Include="ScriptableObject.h">
      <Filter>Source Files\Overworld</Filter>
    </ClInclude>
    <ClInclude Include="StartMenu.h">
      <Filter>Source Files\Overworld\Menus</Filter>
    </ClInclude>
    <ClInclude Include="ComuniPad.h">
      <Filter>Source Files\Overworld\Menus</Filter>
    </ClInclude>
    <ClInclude Include="ComPadApps.h">
      <Filter>Source Files\Overworld\Menus</Filter>
    </ClInclude>
  </ItemGroup>
  <ItemGroup>
    <ClCompile Include="stdafx.cpp">
      <Filter>Source Files</Filter>
    </ClCompile>
    <ClCompile Include="Pokemon Engine.cpp">
      <Filter>Source Files</Filter>
    </ClCompile>
    <ClCompile Include="utils.cpp">
      <Filter>Source Files</Filter>
    </ClCompile>
    <ClCompile Include="Graphics_Main.cpp">
      <Filter>Source Files</Filter>
    </ClCompile>
    <ClCompile Include="text.cpp">
      <Filter>Source Files\GFXUtils</Filter>
    </ClCompile>
    <ClCompile Include="Pokemon.cpp">
      <Filter>Source Files\PokemonData</Filter>
    </ClCompile>
    <ClCompile Include="move.cpp">
      <Filter>Source Files\PokemonData</Filter>
    </ClCompile>
    <ClCompile Include="type.cpp">
      <Filter>Source Files\PokemonData</Filter>
    </ClCompile>
    <ClCompile Include="trainer.cpp">
      <Filter>Source Files\TrainerData</Filter>
    </ClCompile>
    <ClCompile Include="particle.cpp">
      <Filter>Source Files\ParticleSystem</Filter>
    </ClCompile>
    <ClCompile Include="PartyMenu.cpp">
      <Filter>Source Files\scenes</Filter>
    </ClCompile>
    <ClCompile Include="PokemonBattle.cpp">
      <Filter>Source Files\scenes</Filter>
    </ClCompile>
    <ClCompile Include="player.cpp">
      <Filter>Source Files\TrainerData</Filter>
    </ClCompile>
    <ClCompile Include="PokemonSummaryScreen.cpp">
      <Filter>Source Files\scenes</Filter>
    </ClCompile>
    <ClCompile Include="TileMap.cpp">
      <Filter>Source Files\Overworld</Filter>
    </ClCompile>
    <ClCompile Include="Overworld.cpp">
      <Filter>Source Files\Overworld</Filter>
    </ClCompile>
    <ClCompile Include="ScriptableObject.cpp">
      <Filter>Source Files\Overworld</Filter>
    </ClCompile>
    <ClCompile Include="StartMenu.cpp">
      <Filter>Source Files\Overworld\Menus</Filter>
    </ClCompile>
    <ClCompile Include="ComuniPad.cpp">
      <Filter>Source Files\Overworld\Menus</Filter>
    </ClCompile>
    <ClCompile Include="ComPadApps.cpp">
      <Filter>Source Files\Overworld\Menus</Filter>
    </ClCompile>
  </ItemGroup>
  <ItemGroup>
    <Library Include="lib\x86\SDL2.lib">
      <Filter>lib</Filter>
    </Library>
    <Library Include="lib\x86\SDL2_image.lib">
      <Filter>lib</Filter>
    </Library>
    <Library Include="lib\x86\SDL2main.lib">
      <Filter>lib</Filter>
    </Library>
    <Library Include="lib\x86\SDL2test.lib">
      <Filter>lib</Filter>
    </Library>
    <Library Include="lib\x86\SDL2_ttf.lib">
      <Filter>lib</Filter>
    </Library>
  </ItemGroup>
</Project>